
Microsoft Visual Studio Solution File, Format Version 12.00
# Visual Studio Version 17
VisualStudioVersion = 17.13.35828.75
MinimumVisualStudioVersion = 10.0.40219.1
Project("{FAE04EC0-301F-11D3-BF4B-00C04F79EFBC}") = "WebApplication1", "WebApplication1\WebApplication1.csproj", "{093DCC06-8F32-4433-AC2B-D8E88ECBF3CD}"
EndProject
Project("{FAE04EC0-301F-11D3-BF4B-00C04F79EFBC}") = "WebApplication2", "WebApplication2\WebApplication2.csproj", "{4AE3C55B-9DAE-4479-AC17-9D1E116AC6D2}"
EndProject
Global
	GlobalSection(SolutionConfigurationPlatforms) = preSolution
		Debug|Any CPU = Debug|Any CPU
		Release|Any CPU = Release|Any CPU
	EndGlobalSection
	GlobalSection(ProjectConfigurationPlatforms) = postSolution
		{093DCC06-8F32-4433-AC2B-D8E88ECBF3CD}.Debug|Any CPU.ActiveCfg = Debug|Any CPU
		{093DCC06-8F32-4433-AC2B-D8E88ECBF3CD}.Debug|Any CPU.Build.0 = Debug|Any CPU
		{093DCC06-8F32-4433-AC2B-D8E88ECBF3CD}.Release|Any CPU.ActiveCfg = Release|Any CPU
		{093DCC06-8F32-4433-AC2B-D8E88ECBF3CD}.Release|Any CPU.Build.0 = Release|Any CPU
		{4AE3C55B-9DAE-4479-AC17-9D1E116AC6D2}.Debug|Any CPU.ActiveCfg = Debug|Any CPU
		{4AE3C55B-9DAE-4479-AC17-9D1E116AC6D2}.Debug|Any CPU.Build.0 = Debug|Any CPU
		{4AE3C55B-9DAE-4479-AC17-9D1E116AC6D2}.Release|Any CPU.ActiveCfg = Release|Any CPU
		{4AE3C55B-9DAE-4479-AC17-9D1E116AC6D2}.Release|Any CPU.Build.0 = Release|Any CPU
	EndGlobalSection
	GlobalSection(SolutionProperties) = preSolution
		HideSolutionNode = FALSE
	EndGlobalSection
	GlobalSection(ExtensibilityGlobals) = postSolution
		SolutionGuid = {1F33308E-7978-4FC2-83BB-90CE869E51DE}
	EndGlobalSection
EndGlobal
